// !$*UTF8*$!
{
	archiveVersion = 1;
	classes = {
	};
	objectVersion = 56;
	objects = {

/* Begin PBXBuildFile section */
		3C659A957916B093A0D53338 /* Pods_RetirementCalculatorTests.framework in Frameworks */ = {isa = PBXBuildFile; fileRef = F4856F90F01150E06E44345B /* Pods_RetirementCalculatorTests.framework */; };
		3FFDF6A450F20037A2AAB285 /* Pods_RetirementCalculator.framework in Frameworks */ = {isa = PBXBuildFile; fileRef = 2B74A4CF1FD71589B105D394 /* Pods_RetirementCalculator.framework */; };
		5C09A4D22A90397C00976DDA /* RetirementCalculatorApp.swift in Sources */ = {isa = PBXBuildFile; fileRef = 5C09A4D12A90397C00976DDA /* RetirementCalculatorApp.swift */; };
		5C09A4D42A90397C00976DDA /* ContentView.swift in Sources */ = {isa = PBXBuildFile; fileRef = 5C09A4D32A90397C00976DDA /* ContentView.swift */; };
		5C09A4D62A90397D00976DDA /* Assets.xcassets in Resources */ = {isa = PBXBuildFile; fileRef = 5C09A4D52A90397D00976DDA /* Assets.xcassets */; };
		5C09A4D92A90397D00976DDA /* Preview Assets.xcassets in Resources */ = {isa = PBXBuildFile; fileRef = 5C09A4D82A90397D00976DDA /* Preview Assets.xcassets */; };
		5C09A4E32A90397D00976DDA /* RetirementCalculatorTests.swift in Sources */ = {isa = PBXBuildFile; fileRef = 5C09A4E22A90397D00976DDA /* RetirementCalculatorTests.swift */; };
		5C09A4ED2A90397D00976DDA /* RetirementCalculatorUITests.swift in Sources */ = {isa = PBXBuildFile; fileRef = 5C09A4EC2A90397D00976DDA /* RetirementCalculatorUITests.swift */; };
		5C09A4EF2A90397D00976DDA /* RetirementCalculatorUITestsLaunchTests.swift in Sources */ = {isa = PBXBuildFile; fileRef = 5C09A4EE2A90397D00976DDA /* RetirementCalculatorUITestsLaunchTests.swift */; };
		96BE3BB89FF8B523A6F5014F /* Pods_RetirementCalculator_RetirementCalculatorUITests.framework in Frameworks */ = {isa = PBXBuildFile; fileRef = 8B2133AF4E2BD64C65C45E6D /* Pods_RetirementCalculator_RetirementCalculatorUITests.framework */; };
/* End PBXBuildFile section */

/* Begin PBXContainerItemProxy section */
		5C09A4DF2A90397D00976DDA /* PBXContainerItemProxy */ = {
			isa = PBXContainerItemProxy;
			containerPortal = 5C09A4C62A90397C00976DDA /* Project object */;
			proxyType = 1;
			remoteGlobalIDString = 5C09A4CD2A90397C00976DDA;
			remoteInfo = RetirementCalculator;
		};
		5C09A4E92A90397D00976DDA /* PBXContainerItemProxy */ = {
			isa = PBXContainerItemProxy;
			containerPortal = 5C09A4C62A90397C00976DDA /* Project object */;
			proxyType = 1;
			remoteGlobalIDString = 5C09A4CD2A90397C00976DDA;
			remoteInfo = RetirementCalculator;
		};
/* End PBXContainerItemProxy section */

/* Begin PBXFileReference section */
		2B74A4CF1FD71589B105D394 /* Pods_RetirementCalculator.framework */ = {isa = PBXFileReference; explicitFileType = wrapper.framework; includeInIndex = 0; path = Pods_RetirementCalculator.framework; sourceTree = BUILT_PRODUCTS_DIR; };
		33A9D1C9671D10A3D177196E /* Pods-RetirementCalculatorTests.release.xcconfig */ = {isa = PBXFileReference; includeInIndex = 1; lastKnownFileType = text.xcconfig; name = "Pods-RetirementCalculatorTests.release.xcconfig"; path = "Target Support Files/Pods-RetirementCalculatorTests/Pods-RetirementCalculatorTests.release.xcconfig"; sourceTree = "<group>"; };
		37CAB8B8AEFA9D77EC18DDE1 /* Pods-RetirementCalculator-RetirementCalculatorUITests.debug.xcconfig */ = {isa = PBXFileReference; includeInIndex = 1; lastKnownFileType = text.xcconfig; name = "Pods-RetirementCalculator-RetirementCalculatorUITests.debug.xcconfig"; path = "Target Support Files/Pods-RetirementCalculator-RetirementCalculatorUITests/Pods-RetirementCalculator-RetirementCalculatorUITests.debug.xcconfig"; sourceTree = "<group>"; };
		5758E0C6FC881BD0FD827827 /* Pods-RetirementCalculator-RetirementCalculatorUITests.release.xcconfig */ = {isa = PBXFileReference; includeInIndex = 1; lastKnownFileType = text.xcconfig; name = "Pods-RetirementCalculator-RetirementCalculatorUITests.release.xcconfig"; path = "Target Support Files/Pods-RetirementCalculator-RetirementCalculatorUITests/Pods-RetirementCalculator-RetirementCalculatorUITests.release.xcconfig"; sourceTree = "<group>"; };
		5C09A4CE2A90397C00976DDA /* RetirementCalculator.app */ = {isa = PBXFileReference; explicitFileType = wrapper.application; includeInIndex = 0; path = RetirementCalculator.app; sourceTree = BUILT_PRODUCTS_DIR; };
		5C09A4D12A90397C00976DDA /* RetirementCalculatorApp.swift */ = {isa = PBXFileReference; lastKnownFileType = sourcecode.swift; path = RetirementCalculatorApp.swift; sourceTree = "<group>"; };
		5C09A4D32A90397C00976DDA /* ContentView.swift */ = {isa = PBXFileReference; lastKnownFileType = sourcecode.swift; path = ContentView.swift; sourceTree = "<group>"; };
		5C09A4D52A90397D00976DDA /* Assets.xcassets */ = {isa = PBXFileReference; lastKnownFileType = folder.assetcatalog; path = Assets.xcassets; sourceTree = "<group>"; };
		5C09A4D82A90397D00976DDA /* Preview Assets.xcassets */ = {isa = PBXFileReference; lastKnownFileType = folder.assetcatalog; path = "Preview Assets.xcassets"; sourceTree = "<group>"; };
		5C09A4DE2A90397D00976DDA /* RetirementCalculatorTests.xctest */ = {isa = PBXFileReference; explicitFileType = wrapper.cfbundle; includeInIndex = 0; path = RetirementCalculatorTests.xctest; sourceTree = BUILT_PRODUCTS_DIR; };
		5C09A4E22A90397D00976DDA /* RetirementCalculatorTests.swift */ = {isa = PBXFileReference; lastKnownFileType = sourcecode.swift; path = RetirementCalculatorTests.swift; sourceTree = "<group>"; };
		5C09A4E82A90397D00976DDA /* RetirementCalculatorUITests.xctest */ = {isa = PBXFileReference; explicitFileType = wrapper.cfbundle; includeInIndex = 0; path = RetirementCalculatorUITests.xctest; sourceTree = BUILT_PRODUCTS_DIR; };
		5C09A4EC2A90397D00976DDA /* RetirementCalculatorUITests.swift */ = {isa = PBXFileReference; lastKnownFileType = sourcecode.swift; path = RetirementCalculatorUITests.swift; sourceTree = "<group>"; };
		5C09A4EE2A90397D00976DDA /* RetirementCalculatorUITestsLaunchTests.swift */ = {isa = PBXFileReference; lastKnownFileType = sourcecode.swift; path = RetirementCalculatorUITestsLaunchTests.swift; sourceTree = "<group>"; };
		89209B5BA1C2E491BBEA2765 /* Pods-RetirementCalculator.release.xcconfig */ = {isa = PBXFileReference; includeInIndex = 1; lastKnownFileType = text.xcconfig; name = "Pods-RetirementCalculator.release.xcconfig"; path = "Target Support Files/Pods-RetirementCalculator/Pods-RetirementCalculator.release.xcconfig"; sourceTree = "<group>"; };
		8B2133AF4E2BD64C65C45E6D /* Pods_RetirementCalculator_RetirementCalculatorUITests.framework */ = {isa = PBXFileReference; explicitFileType = wrapper.framework; includeInIndex = 0; path = Pods_RetirementCalculator_RetirementCalculatorUITests.framework; sourceTree = BUILT_PRODUCTS_DIR; };
		AC1C13CB29932DE3B3323619 /* Pods-RetirementCalculator.debug.xcconfig */ = {isa = PBXFileReference; includeInIndex = 1; lastKnownFileType = text.xcconfig; name = "Pods-RetirementCalculator.debug.xcconfig"; path = "Target Support Files/Pods-RetirementCalculator/Pods-RetirementCalculator.debug.xcconfig"; sourceTree = "<group>"; };
		B98C874E09D22911AF16DE56 /* Pods-RetirementCalculatorTests.debug.xcconfig */ = {isa = PBXFileReference; includeInIndex = 1; lastKnownFileType = text.xcconfig; name = "Pods-RetirementCalculatorTests.debug.xcconfig"; path = "Target Support Files/Pods-RetirementCalculatorTests/Pods-RetirementCalculatorTests.debug.xcconfig"; sourceTree = "<group>"; };
		F4856F90F01150E06E44345B /* Pods_RetirementCalculatorTests.framework */ = {isa = PBXFileReference; explicitFileType = wrapper.framework; includeInIndex = 0; path = Pods_RetirementCalculatorTests.framework; sourceTree = BUILT_PRODUCTS_DIR; };
/* End PBXFileReference section */

/* Begin PBXFrameworksBuildPhase section */
		5C09A4CB2A90397C00976DDA /* Frameworks */ = {
			isa = PBXFrameworksBuildPhase;
			buildActionMask = 2147483647;
			files = (
				3FFDF6A450F20037A2AAB285 /* Pods_RetirementCalculator.framework in Frameworks */,
			);
			runOnlyForDeploymentPostprocessing = 0;
		};
		5C09A4DB2A90397D00976DDA /* Frameworks */ = {
			isa = PBXFrameworksBuildPhase;
			buildActionMask = 2147483647;
			files = (
				3C659A957916B093A0D53338 /* Pods_RetirementCalculatorTests.framework in Frameworks */,
			);
			runOnlyForDeploymentPostprocessing = 0;
		};
		5C09A4E52A90397D00976DDA /* Frameworks */ = {
			isa = PBXFrameworksBuildPhase;
			buildActionMask = 2147483647;
			files = (
				96BE3BB89FF8B523A6F5014F /* Pods_RetirementCalculator_RetirementCalculatorUITests.framework in Frameworks */,
			);
			runOnlyForDeploymentPostprocessing = 0;
		};
/* End PBXFrameworksBuildPhase section */

/* Begin PBXGroup section */
		5C09A4C52A90397C00976DDA = {
			isa = PBXGroup;
			children = (
				5C09A4D02A90397C00976DDA /* RetirementCalculator */,
				5C09A4E12A90397D00976DDA /* RetirementCalculatorTests */,
				5C09A4EB2A90397D00976DDA /* RetirementCalculatorUITests */,
				5C09A4CF2A90397C00976DDA /* Products */,
				F7A2C91F9A3C008D754167CF /* Pods */,
				9A940DEBD0B1AAEDA072CAC5 /* Frameworks */,
			);
			sourceTree = "<group>";
		};
		5C09A4CF2A90397C00976DDA /* Products */ = {
			isa = PBXGroup;
			children = (
				5C09A4CE2A90397C00976DDA /* RetirementCalculator.app */,
				5C09A4DE2A90397D00976DDA /* RetirementCalculatorTests.xctest */,
				5C09A4E82A90397D00976DDA /* RetirementCalculatorUITests.xctest */,
			);
			name = Products;
			sourceTree = "<group>";
		};
		5C09A4D02A90397C00976DDA /* RetirementCalculator */ = {
			isa = PBXGroup;
			children = (
				5C09A4D12A90397C00976DDA /* RetirementCalculatorApp.swift */,
				5C09A4D32A90397C00976DDA /* ContentView.swift */,
				5C09A4D52A90397D00976DDA /* Assets.xcassets */,
				5C09A4D72A90397D00976DDA /* Preview Content */,
			);
			path = RetirementCalculator;
			sourceTree = "<group>";
		};
		5C09A4D72A90397D00976DDA /* Preview Content */ = {
			isa = PBXGroup;
			children = (
				5C09A4D82A90397D00976DDA /* Preview Assets.xcassets */,
			);
			path = "Preview Content";
			sourceTree = "<group>";
		};
		5C09A4E12A90397D00976DDA /* RetirementCalculatorTests */ = {
			isa = PBXGroup;
			children = (
				5C09A4E22A90397D00976DDA /* RetirementCalculatorTests.swift */,
			);
			path = RetirementCalculatorTests;
			sourceTree = "<group>";
		};
		5C09A4EB2A90397D00976DDA /* RetirementCalculatorUITests */ = {
			isa = PBXGroup;
			children = (
				5C09A4EC2A90397D00976DDA /* RetirementCalculatorUITests.swift */,
				5C09A4EE2A90397D00976DDA /* RetirementCalculatorUITestsLaunchTests.swift */,
			);
			path = RetirementCalculatorUITests;
			sourceTree = "<group>";
		};
		9A940DEBD0B1AAEDA072CAC5 /* Frameworks */ = {
			isa = PBXGroup;
			children = (
				2B74A4CF1FD71589B105D394 /* Pods_RetirementCalculator.framework */,
				8B2133AF4E2BD64C65C45E6D /* Pods_RetirementCalculator_RetirementCalculatorUITests.framework */,
				F4856F90F01150E06E44345B /* Pods_RetirementCalculatorTests.framework */,
			);
			name = Frameworks;
			sourceTree = "<group>";
		};
		F7A2C91F9A3C008D754167CF /* Pods */ = {
			isa = PBXGroup;
			children = (
				AC1C13CB29932DE3B3323619 /* Pods-RetirementCalculator.debug.xcconfig */,
				89209B5BA1C2E491BBEA2765 /* Pods-RetirementCalculator.release.xcconfig */,
				37CAB8B8AEFA9D77EC18DDE1 /* Pods-RetirementCalculator-RetirementCalculatorUITests.debug.xcconfig */,
				5758E0C6FC881BD0FD827827 /* Pods-RetirementCalculator-RetirementCalculatorUITests.release.xcconfig */,
				B98C874E09D22911AF16DE56 /* Pods-RetirementCalculatorTests.debug.xcconfig */,
				33A9D1C9671D10A3D177196E /* Pods-RetirementCalculatorTests.release.xcconfig */,
			);
			path = Pods;
			sourceTree = "<group>";
		};
/* End PBXGroup section */

/* Begin PBXNativeTarget section */
		5C09A4CD2A90397C00976DDA /* RetirementCalculator */ = {
			isa = PBXNativeTarget;
			buildConfigurationList = 5C09A4F22A90397D00976DDA /* Build configuration list for PBXNativeTarget "RetirementCalculator" */;
			buildPhases = (
				BD43882599FF6EE42AFB5CAA /* [CP] Check Pods Manifest.lock */,
				5C09A4CA2A90397C00976DDA /* Sources */,
				5C09A4CB2A90397C00976DDA /* Frameworks */,
				5C09A4CC2A90397C00976DDA /* Resources */,
			);
			buildRules = (
			);
			dependencies = (
			);
			name = RetirementCalculator;
			productName = RetirementCalculator;
			productReference = 5C09A4CE2A90397C00976DDA /* RetirementCalculator.app */;
			productType = "com.apple.product-type.application";
		};
		5C09A4DD2A90397D00976DDA /* RetirementCalculatorTests */ = {
			isa = PBXNativeTarget;
			buildConfigurationList = 5C09A4F52A90397D00976DDA /* Build configuration list for PBXNativeTarget "RetirementCalculatorTests" */;
			buildPhases = (
				7D9DDCF6143C1531F8A15156 /* [CP] Check Pods Manifest.lock */,
				5C09A4DA2A90397D00976DDA /* Sources */,
				5C09A4DB2A90397D00976DDA /* Frameworks */,
				5C09A4DC2A90397D00976DDA /* Resources */,
			);
			buildRules = (
			);
			dependencies = (
				5C09A4E02A90397D00976DDA /* PBXTargetDependency */,
			);
			name = RetirementCalculatorTests;
			productName = RetirementCalculatorTests;
			productReference = 5C09A4DE2A90397D00976DDA /* RetirementCalculatorTests.xctest */;
			productType = "com.apple.product-type.bundle.unit-test";
		};
		5C09A4E72A90397D00976DDA /* RetirementCalculatorUITests */ = {
			isa = PBXNativeTarget;
			buildConfigurationList = 5C09A4F82A90397D00976DDA /* Build configuration list for PBXNativeTarget "RetirementCalculatorUITests" */;
			buildPhases = (
				F547FF2119ACEB69E037568E /* [CP] Check Pods Manifest.lock */,
				5C09A4E42A90397D00976DDA /* Sources */,
				5C09A4E52A90397D00976DDA /* Frameworks */,
				5C09A4E62A90397D00976DDA /* Resources */,
			);
			buildRules = (
			);
			dependencies = (
				5C09A4EA2A90397D00976DDA /* PBXTargetDependency */,
			);
			name = RetirementCalculatorUITests;
			productName = RetirementCalculatorUITests;
			productReference = 5C09A4E82A90397D00976DDA /* RetirementCalculatorUITests.xctest */;
			productType = "com.apple.product-type.bundle.ui-testing";
		};
/* End PBXNativeTarget section */

/* Begin PBXProject section */
		5C09A4C62A90397C00976DDA /* Project object */ = {
			isa = PBXProject;
			attributes = {
				BuildIndependentTargetsInParallel = 1;
				LastSwiftUpdateCheck = 1420;
				LastUpgradeCheck = 1420;
				TargetAttributes = {
					5C09A4CD2A90397C00976DDA = {
						CreatedOnToolsVersion = 14.2;
					};
					5C09A4DD2A90397D00976DDA = {
						CreatedOnToolsVersion = 14.2;
						TestTargetID = 5C09A4CD2A90397C00976DDA;
					};
					5C09A4E72A90397D00976DDA = {
						CreatedOnToolsVersion = 14.2;
						TestTargetID = 5C09A4CD2A90397C00976DDA;
					};
				};
			};
			buildConfigurationList = 5C09A4C92A90397C00976DDA /* Build configuration list for PBXProject "RetirementCalculator" */;
			compatibilityVersion = "Xcode 14.0";
			developmentRegion = en;
			hasScannedForEncodings = 0;
			knownRegions = (
				en,
				Base,
			);
			mainGroup = 5C09A4C52A90397C00976DDA;
			productRefGroup = 5C09A4CF2A90397C00976DDA /* Products */;
			projectDirPath = "";
			projectRoot = "";
			targets = (
				5C09A4CD2A90397C00976DDA /* RetirementCalculator */,
				5C09A4DD2A90397D00976DDA /* RetirementCalculatorTests */,
				5C09A4E72A90397D00976DDA /* RetirementCalculatorUITests */,
			);
		};
/* End PBXProject section */

/* Begin PBXResourcesBuildPhase section */
		5C09A4CC2A90397C00976DDA /* Resources */ = {
			isa = PBXResourcesBuildPhase;
			buildActionMask = 2147483647;
			files = (
				5C09A4D92A90397D00976DDA /* Preview Assets.xcassets in Resources */,
				5C09A4D62A90397D00976DDA /* Assets.xcassets in Resources */,
			);
			runOnlyForDeploymentPostprocessing = 0;
		};
		5C09A4DC2A90397D00976DDA /* Resources */ = {
			isa = PBXResourcesBuildPhase;
			buildActionMask = 2147483647;
			files = (
			);
			runOnlyForDeploymentPostprocessing = 0;
		};
		5C09A4E62A90397D00976DDA /* Resources */ = {
			isa = PBXResourcesBuildPhase;
			buildActionMask = 2147483647;
			files = (
			);
			runOnlyForDeploymentPostprocessing = 0;
		};
/* End PBXResourcesBuildPhase section */

/* Begin PBXShellScriptBuildPhase section */
		7D9DDCF6143C1531F8A15156 /* [CP] Check Pods Manifest.lock */ = {
			isa = PBXShellScriptBuildPhase;
			buildActionMask = 2147483647;
			files = (
			);
			inputFileListPaths = (
			);
			inputPaths = (
				"${PODS_PODFILE_DIR_PATH}/Podfile.lock",
				"${PODS_ROOT}/Manifest.lock",
			);
			name = "[CP] Check Pods Manifest.lock";
			outputFileListPaths = (
			);
			outputPaths = (
				"$(DERIVED_FILE_DIR)/Pods-RetirementCalculatorTests-checkManifestLockResult.txt",
			);
			runOnlyForDeploymentPostprocessing = 0;
			shellPath = /bin/sh;
			shellScript = "diff \"${PODS_PODFILE_DIR_PATH}/Podfile.lock\" \"${PODS_ROOT}/Manifest.lock\" > /dev/null\nif [ $? != 0 ] ; then\n    # print error to STDERR\n    echo \"error: The sandbox is not in sync with the Podfile.lock. Run 'pod install' or update your CocoaPods installation.\" >&2\n    exit 1\nfi\n# This output is used by Xcode 'outputs' to avoid re-running this script phase.\necho \"SUCCESS\" > \"${SCRIPT_OUTPUT_FILE_0}\"\n";
			showEnvVarsInLog = 0;
		};
		BD43882599FF6EE42AFB5CAA /* [CP] Check Pods Manifest.lock */ = {
			isa = PBXShellScriptBuildPhase;
			buildActionMask = 2147483647;
			files = (
			);
			inputFileListPaths = (
			);
			inputPaths = (
				"${PODS_PODFILE_DIR_PATH}/Podfile.lock",
				"${PODS_ROOT}/Manifest.lock",
			);
			name = "[CP] Check Pods Manifest.lock";
			outputFileListPaths = (
			);
			outputPaths = (
				"$(DERIVED_FILE_DIR)/Pods-RetirementCalculator-checkManifestLockResult.txt",
			);
			runOnlyForDeploymentPostprocessing = 0;
			shellPath = /bin/sh;
			shellScript = "diff \"${PODS_PODFILE_DIR_PATH}/Podfile.lock\" \"${PODS_ROOT}/Manifest.lock\" > /dev/null\nif [ $? != 0 ] ; then\n    # print error to STDERR\n    echo \"error: The sandbox is not in sync with the Podfile.lock. Run 'pod install' or update your CocoaPods installation.\" >&2\n    exit 1\nfi\n# This output is used by Xcode 'outputs' to avoid re-running this script phase.\necho \"SUCCESS\" > \"${SCRIPT_OUTPUT_FILE_0}\"\n";
			showEnvVarsInLog = 0;
		};
		F547FF2119ACEB69E037568E /* [CP] Check Pods Manifest.lock */ = {
			isa = PBXShellScriptBuildPhase;
			buildActionMask = 2147483647;
			files = (
			);
			inputFileListPaths = (
			);
			inputPaths = (
				"${PODS_PODFILE_DIR_PATH}/Podfile.lock",
				"${PODS_ROOT}/Manifest.lock",
			);
			name = "[CP] Check Pods Manifest.lock";
			outputFileListPaths = (
			);
			outputPaths = (
				"$(DERIVED_FILE_DIR)/Pods-RetirementCalculator-RetirementCalculatorUITests-checkManifestLockResult.txt",
			);
			runOnlyForDeploymentPostprocessing = 0;
			shellPath = /bin/sh;
			shellScript = "diff \"${PODS_PODFILE_DIR_PATH}/Podfile.lock\" \"${PODS_ROOT}/Manifest.lock\" > /dev/null\nif [ $? != 0 ] ; then\n    # print error to STDERR\n    echo \"error: The sandbox is not in sync with the Podfile.lock. Run 'pod install' or update your CocoaPods installation.\" >&2\n    exit 1\nfi\n# This output is used by Xcode 'outputs' to avoid re-running this script phase.\necho \"SUCCESS\" > \"${SCRIPT_OUTPUT_FILE_0}\"\n";
			showEnvVarsInLog = 0;
		};
/* End PBXShellScriptBuildPhase section */

/* Begin PBXSourcesBuildPhase section */
		5C09A4CA2A90397C00976DDA /* Sources */ = {
			isa = PBXSourcesBuildPhase;
			buildActionMask = 2147483647;
			files = (
				5C09A4D42A90397C00976DDA /* ContentView.swift in Sources */,
				5C09A4D22A90397C00976DDA /* RetirementCalculatorApp.swift in Sources */,
			);
			runOnlyForDeploymentPostprocessing = 0;
		};
		5C09A4DA2A90397D00976DDA /* Sources */ = {
			isa = PBXSourcesBuildPhase;
			buildActionMask = 2147483647;
			files = (
				5C09A4E32A90397D00976DDA /* RetirementCalculatorTests.swift in Sources */,
			);
			runOnlyForDeploymentPostprocessing = 0;
		};
		5C09A4E42A90397D00976DDA /* Sources */ = {
			isa = PBXSourcesBuildPhase;
			buildActionMask = 2147483647;
			files = (
				5C09A4ED2A90397D00976DDA /* RetirementCalculatorUITests.swift in Sources */,
				5C09A4EF2A90397D00976DDA /* RetirementCalculatorUITestsLaunchTests.swift in Sources */,
			);
			runOnlyForDeploymentPostprocessing = 0;
		};
/* End PBXSourcesBuildPhase section */

/* Begin PBXTargetDependency section */
		5C09A4E02A90397D00976DDA /* PBXTargetDependency */ = {
			isa = PBXTargetDependency;
			target = 5C09A4CD2A90397C00976DDA /* RetirementCalculator */;
			targetProxy = 5C09A4DF2A90397D00976DDA /* PBXContainerItemProxy */;
		};
		5C09A4EA2A90397D00976DDA /* PBXTargetDependency */ = {
			isa = PBXTargetDependency;
			target = 5C09A4CD2A90397C00976DDA /* RetirementCalculator */;
			targetProxy = 5C09A4E92A90397D00976DDA /* PBXContainerItemProxy */;
		};
/* End PBXTargetDependency section */

/* Begin XCBuildConfiguration section */
		5C09A4F02A90397D00976DDA /* Debug */ = {
			isa = XCBuildConfiguration;
			buildSettings = {
				ALWAYS_SEARCH_USER_PATHS = NO;
				CLANG_ANALYZER_NONNULL = YES;
				CLANG_ANALYZER_NUMBER_OBJECT_CONVERSION = YES_AGGRESSIVE;
				CLANG_CXX_LANGUAGE_STANDARD = "gnu++20";
				CLANG_ENABLE_MODULES = YES;
				CLANG_ENABLE_OBJC_ARC = YES;
				CLANG_ENABLE_OBJC_WEAK = YES;
				CLANG_WARN_BLOCK_CAPTURE_AUTORELEASING = YES;
				CLANG_WARN_BOOL_CONVERSION = YES;
				CLANG_WARN_COMMA = YES;
				CLANG_WARN_CONSTANT_CONVERSION = YES;
				CLANG_WARN_DEPRECATED_OBJC_IMPLEMENTATIONS = YES;
				CLANG_WARN_DIRECT_OBJC_ISA_USAGE = YES_ERROR;
				CLANG_WARN_DOCUMENTATION_COMMENTS = YES;
				CLANG_WARN_EMPTY_BODY = YES;
				CLANG_WARN_ENUM_CONVERSION = YES;
				CLANG_WARN_INFINITE_RECURSION = YES;
				CLANG_WARN_INT_CONVERSION = YES;
				CLANG_WARN_NON_LITERAL_NULL_CONVERSION = YES;
				CLANG_WARN_OBJC_IMPLICIT_RETAIN_SELF = YES;
				CLANG_WARN_OBJC_LITERAL_CONVERSION = YES;
				CLANG_WARN_OBJC_ROOT_CLASS = YES_ERROR;
				CLANG_WARN_QUOTED_INCLUDE_IN_FRAMEWORK_HEADER = YES;
				CLANG_WARN_RANGE_LOOP_ANALYSIS = YES;
				CLANG_WARN_STRICT_PROTOTYPES = YES;
				CLANG_WARN_SUSPICIOUS_MOVE = YES;
				CLANG_WARN_UNGUARDED_AVAILABILITY = YES_AGGRESSIVE;
				CLANG_WARN_UNREACHABLE_CODE = YES;
				CLANG_WARN__DUPLICATE_METHOD_MATCH = YES;
				COPY_PHASE_STRIP = NO;
				DEBUG_INFORMATION_FORMAT = "dwarf-with-dsym";
				ENABLE_STRICT_OBJC_MSGSEND = YES;
				ENABLE_TESTABILITY = YES;
				GCC_C_LANGUAGE_STANDARD = gnu11;
				GCC_DYNAMIC_NO_PIC = NO;
				GCC_NO_COMMON_BLOCKS = YES;
				GCC_OPTIMIZATION_LEVEL = 0;
				GCC_PREPROCESSOR_DEFINITIONS = (
					"DEBUG=1",
					"$(inherited)",
				);
				GCC_WARN_64_TO_32_BIT_CONVERSION = YES;
				GCC_WARN_ABOUT_RETURN_TYPE = YES_ERROR;
				GCC_WARN_UNDECLARED_SELECTOR = YES;
				GCC_WARN_UNINITIALIZED_AUTOS = YES_AGGRESSIVE;
				GCC_WARN_UNUSED_FUNCTION = YES;
				GCC_WARN_UNUSED_VARIABLE = YES;
				IPHONEOS_DEPLOYMENT_TARGET = 16.2;
				MTL_ENABLE_DEBUG_INFO = INCLUDE_SOURCE;
				MTL_FAST_MATH = YES;
				ONLY_ACTIVE_ARCH = YES;
				SDKROOT = iphoneos;
				SWIFT_ACTIVE_COMPILATION_CONDITIONS = DEBUG;
				SWIFT_OPTIMIZATION_LEVEL = "-Onone";
			};
			name = Debug;
		};
		5C09A4F12A90397D00976DDA /* Release */ = {
			isa = XCBuildConfiguration;
			buildSettings = {
				ALWAYS_SEARCH_USER_PATHS = NO;
				CLANG_ANALYZER_NONNULL = YES;
				CLANG_ANALYZER_NUMBER_OBJECT_CONVERSION = YES_AGGRESSIVE;
				CLANG_CXX_LANGUAGE_STANDARD = "gnu++20";
				CLANG_ENABLE_MODULES = YES;
				CLANG_ENABLE_OBJC_ARC = YES;
				CLANG_ENABLE_OBJC_WEAK = YES;
				CLANG_WARN_BLOCK_CAPTURE_AUTORELEASING = YES;
				CLANG_WARN_BOOL_CONVERSION = YES;
				CLANG_WARN_COMMA = YES;
				CLANG_WARN_CONSTANT_CONVERSION = YES;
				CLANG_WARN_DEPRECATED_OBJC_IMPLEMENTATIONS = YES;
				CLANG_WARN_DIRECT_OBJC_ISA_USAGE = YES_ERROR;
				CLANG_WARN_DOCUMENTATION_COMMENTS = YES;
				CLANG_WARN_EMPTY_BODY = YES;
				CLANG_WARN_ENUM_CONVERSION = YES;
				CLANG_WARN_INFINITE_RECURSION = YES;
				CLANG_WARN_INT_CONVERSION = YES;
				CLANG_WARN_NON_LITERAL_NULL_CONVERSION = YES;
				CLANG_WARN_OBJC_IMPLICIT_RETAIN_SELF = YES;
				CLANG_WARN_OBJC_LITERAL_CONVERSION = YES;
				CLANG_WARN_OBJC_ROOT_CLASS = YES_ERROR;
				CLANG_WARN_QUOTED_INCLUDE_IN_FRAMEWORK_HEADER = YES;
				CLANG_WARN_RANGE_LOOP_ANALYSIS = YES;
				CLANG_WARN_STRICT_PROTOTYPES = YES;
				CLANG_WARN_SUSPICIOUS_MOVE = YES;
				CLANG_WARN_UNGUARDED_AVAILABILITY = YES_AGGRESSIVE;
				CLANG_WARN_UNREACHABLE_CODE = YES;
				CLANG_WARN__DUPLICATE_METHOD_MATCH = YES;
				COPY_PHASE_STRIP = NO;
				DEBUG_INFORMATION_FORMAT = "dwarf-with-dsym";
				ENABLE_NS_ASSERTIONS = NO;
				ENABLE_STRICT_OBJC_MSGSEND = YES;
				GCC_C_LANGUAGE_STANDARD = gnu11;
				GCC_NO_COMMON_BLOCKS = YES;
				GCC_WARN_64_TO_32_BIT_CONVERSION = YES;
				GCC_WARN_ABOUT_RETURN_TYPE = YES_ERROR;
				GCC_WARN_UNDECLARED_SELECTOR = YES;
				GCC_WARN_UNINITIALIZED_AUTOS = YES_AGGRESSIVE;
				GCC_WARN_UNUSED_FUNCTION = YES;
				GCC_WARN_UNUSED_VARIABLE = YES;
				IPHONEOS_DEPLOYMENT_TARGET = 16.2;
				MTL_ENABLE_DEBUG_INFO = NO;
				MTL_FAST_MATH = YES;
				SDKROOT = iphoneos;
				SWIFT_COMPILATION_MODE = wholemodule;
				SWIFT_OPTIMIZATION_LEVEL = "-O";
				VALIDATE_PRODUCT = YES;
			};
			name = Release;
		};
		5C09A4F32A90397D00976DDA /* Debug */ = {
			isa = XCBuildConfiguration;
			baseConfigurationReference = AC1C13CB29932DE3B3323619 /* Pods-RetirementCalculator.debug.xcconfig */;
			buildSettings = {
				ASSETCATALOG_COMPILER_APPICON_NAME = AppIcon;
				ASSETCATALOG_COMPILER_GLOBAL_ACCENT_COLOR_NAME = AccentColor;
				CODE_SIGN_STYLE = Automatic;
				CURRENT_PROJECT_VERSION = 1;
				DEVELOPMENT_ASSET_PATHS = "\"RetirementCalculator/Preview Content\"";
				DEVELOPMENT_TEAM = ZGTSYD7NB6;
				ENABLE_PREVIEWS = YES;
				GENERATE_INFOPLIST_FILE = YES;
				INFOPLIST_KEY_UIApplicationSceneManifest_Generation = YES;
				INFOPLIST_KEY_UIApplicationSupportsIndirectInputEvents = YES;
				INFOPLIST_KEY_UILaunchScreen_Generation = YES;
				INFOPLIST_KEY_UISupportedInterfaceOrientations_iPad = "UIInterfaceOrientationPortrait UIInterfaceOrientationPortraitUpsideDown UIInterfaceOrientationLandscapeLeft UIInterfaceOrientationLandscapeRight";
				INFOPLIST_KEY_UISupportedInterfaceOrientations_iPhone = "UIInterfaceOrientationPortrait UIInterfaceOrientationLandscapeLeft UIInterfaceOrientationLandscapeRight";
				IPHONEOS_DEPLOYMENT_TARGET = 16.0;
				LD_RUNPATH_SEARCH_PATHS = (
					"$(inherited)",
					"@executable_path/Frameworks",
				);
				MARKETING_VERSION = 1.0;
				PRODUCT_BUNDLE_IDENTIFIER = com.RetirementCalculator;
				PRODUCT_NAME = "$(TARGET_NAME)";
				SWIFT_EMIT_LOC_STRINGS = YES;
				SWIFT_VERSION = 5.0;
				TARGETED_DEVICE_FAMILY = "1,2";
			};
			name = Debug;
		};
		5C09A4F42A90397D00976DDA /* Release */ = {
			isa = XCBuildConfiguration;
			baseConfigurationReference = 89209B5BA1C2E491BBEA2765 /* Pods-RetirementCalculator.release.xcconfig */;
			buildSettings = {
				ASSETCATALOG_COMPILER_APPICON_NAME = AppIcon;
				ASSETCATALOG_COMPILER_GLOBAL_ACCENT_COLOR_NAME = AccentColor;
				CODE_SIGN_STYLE = Automatic;
				CURRENT_PROJECT_VERSION = 1;
				DEVELOPMENT_ASSET_PATHS = "\"RetirementCalculator/Preview Content\"";
				DEVELOPMENT_TEAM = ZGTSYD7NB6;
				ENABLE_PREVIEWS = YES;
				GENERATE_INFOPLIST_FILE = YES;
				INFOPLIST_KEY_UIApplicationSceneManifest_Generation = YES;
				INFOPLIST_KEY_UIApplicationSupportsIndirectInputEvents = YES;
				INFOPLIST_KEY_UILaunchScreen_Generation = YES;
				INFOPLIST_KEY_UISupportedInterfaceOrientations_iPad = "UIInterfaceOrientationPortrait UIInterfaceOrientationPortraitUpsideDown UIInterfaceOrientationLandscapeLeft UIInterfaceOrientationLandscapeRight";
				INFOPLIST_KEY_UISupportedInterfaceOrientations_iPhone = "UIInterfaceOrientationPortrait UIInterfaceOrientationLandscapeLeft UIInterfaceOrientationLandscapeRight";
				IPHONEOS_DEPLOYMENT_TARGET = 16.0;
				LD_RUNPATH_SEARCH_PATHS = (
					"$(inherited)",
					"@executable_path/Frameworks",
				);
				MARKETING_VERSION = 1.0;
				PRODUCT_BUNDLE_IDENTIFIER = com.RetirementCalculator;
				PRODUCT_NAME = "$(TARGET_NAME)";
				SWIFT_EMIT_LOC_STRINGS = YES;
				SWIFT_VERSION = 5.0;
				TARGETED_DEVICE_FAMILY = "1,2";
			};
			name = Release;
		};
		5C09A4F62A90397D00976DDA /* Debug */ = {
			isa = XCBuildConfiguration;
			baseConfigurationReference = B98C874E09D22911AF16DE56 /* Pods-RetirementCalculatorTests.debug.xcconfig */;
			buildSettings = {
				ALWAYS_EMBED_SWIFT_STANDARD_LIBRARIES = YES;
				BUNDLE_LOADER = "$(TEST_HOST)";
				CODE_SIGN_STYLE = Automatic;
				CURRENT_PROJECT_VERSION = 1;
				DEVELOPMENT_TEAM = BJ8K4X4LL9;
				GENERATE_INFOPLIST_FILE = YES;
				IPHONEOS_DEPLOYMENT_TARGET = 16.2;
				MARKETING_VERSION = 1.0;
				PRODUCT_BUNDLE_IDENTIFIER = com.RetirementCalculatorTests;
				PRODUCT_NAME = "$(TARGET_NAME)";
				SWIFT_EMIT_LOC_STRINGS = NO;
				SWIFT_VERSION = 5.0;
				TARGETED_DEVICE_FAMILY = "1,2";
				TEST_HOST = "$(BUILT_PRODUCTS_DIR)/RetirementCalculator.app/$(BUNDLE_EXECUTABLE_FOLDER_PATH)/RetirementCalculator";
			};
			name = Debug;
		};
		5C09A4F72A90397D00976DDA /* Release */ = {
			isa = XCBuildConfiguration;
			baseConfigurationReference = 33A9D1C9671D10A3D177196E /* Pods-RetirementCalculatorTests.release.xcconfig */;
			buildSettings = {
				ALWAYS_EMBED_SWIFT_STANDARD_LIBRARIES = YES;
				BUNDLE_LOADER = "$(TEST_HOST)";
				CODE_SIGN_STYLE = Automatic;
				CURRENT_PROJECT_VERSION = 1;
				DEVELOPMENT_TEAM = BJ8K4X4LL9;
				GENERATE_INFOPLIST_FILE = YES;
				IPHONEOS_DEPLOYMENT_TARGET = 16.2;
				MARKETING_VERSION = 1.0;
				PRODUCT_BUNDLE_IDENTIFIER = com.RetirementCalculatorTests;
				PRODUCT_NAME = "$(TARGET_NAME)";
				SWIFT_EMIT_LOC_STRINGS = NO;
				SWIFT_VERSION = 5.0;
				TARGETED_DEVICE_FAMILY = "1,2";
				TEST_HOST = "$(BUILT_PRODUCTS_DIR)/RetirementCalculator.app/$(BUNDLE_EXECUTABLE_FOLDER_PATH)/RetirementCalculator";
			};
			name = Release;
		};
		5C09A4F92A90397D00976DDA /* Debug */ = {
			isa = XCBuildConfiguration;
			baseConfigurationReference = 37CAB8B8AEFA9D77EC18DDE1 /* Pods-RetirementCalculator-RetirementCalculatorUITests.debug.xcconfig */;
			buildSettings = {
				ALWAYS_EMBED_SWIFT_STANDARD_LIBRARIES = YES;
				CODE_SIGN_STYLE = Automatic;
				CURRENT_PROJECT_VERSION = 1;
				DEVELOPMENT_TEAM = BJ8K4X4LL9;
				GENERATE_INFOPLIST_FILE = YES;
				MARKETING_VERSION = 1.0;
				PRODUCT_BUNDLE_IDENTIFIER = com.RetirementCalculatorUITests;
				PRODUCT_NAME = "$(TARGET_NAME)";
				SWIFT_EMIT_LOC_STRINGS = NO;
				SWIFT_VERSION = 5.0;
				TARGETED_DEVICE_FAMILY = "1,2";
				TEST_TARGET_NAME = RetirementCalculator;
			};
			name = Debug;
		};
		5C09A4FA2A90397D00976DDA /* Release */ = {
			isa = XCBuildConfiguration;
			baseConfigurationReference = 5758E0C6FC881BD0FD827827 /* Pods-RetirementCalculator-RetirementCalculatorUITests.release.xcconfig */;
			buildSettings = {
				ALWAYS_EMBED_SWIFT_STANDARD_LIBRARIES = YES;
				CODE_SIGN_STYLE = Automatic;
				CURRENT_PROJECT_VERSION = 1;
				DEVELOPMENT_TEAM = BJ8K4X4LL9;
				GENERATE_INFOPLIST_FILE = YES;
				MARKETING_VERSION = 1.0;
				PRODUCT_BUNDLE_IDENTIFIER = com.RetirementCalculatorUITests;
				PRODUCT_NAME = "$(TARGET_NAME)";
				SWIFT_EMIT_LOC_STRINGS = NO;
				SWIFT_VERSION = 5.0;
				TARGETED_DEVICE_FAMILY = "1,2";
				TEST_TARGET_NAME = RetirementCalculator;
			};
			name = Release;
		};
/* End XCBuildConfiguration section */

/* Begin XCConfigurationList section */
		5C09A4C92A90397C00976DDA /* Build configuration list for PBXProject "RetirementCalculator" */ = {
			isa = XCConfigurationList;
			buildConfigurations = (
				5C09A4F02A90397D00976DDA /* Debug */,
				5C09A4F12A90397D00976DDA /* Release */,
			);
			defaultConfigurationIsVisible = 0;
			defaultConfigurationName = Release;
		};
		5C09A4F22A90397D00976DDA /* Build configuration list for PBXNativeTarget "RetirementCalculator" */ = {
			isa = XCConfigurationList;
			buildConfigurations = (
				5C09A4F32A90397D00976DDA /* Debug */,
				5C09A4F42A90397D00976DDA /* Release */,
			);
			defaultConfigurationIsVisible = 0;
			defaultConfigurationName = Release;
		};
		5C09A4F52A90397D00976DDA /* Build configuration list for PBXNativeTarget "RetirementCalculatorTests" */ = {
			isa = XCConfigurationList;
			buildConfigurations = (
				5C09A4F62A90397D00976DDA /* Debug */,
				5C09A4F72A90397D00976DDA /* Release */,
			);
			defaultConfigurationIsVisible = 0;
			defaultConfigurationName = Release;
		};
		5C09A4F82A90397D00976DDA /* Build configuration list for PBXNativeTarget "RetirementCalculatorUITests" */ = {
			isa = XCConfigurationList;
			buildConfigurations = (
				5C09A4F92A90397D00976DDA /* Debug */,
				5C09A4FA2A90397D00976DDA /* Release */,
			);
			defaultConfigurationIsVisible = 0;
			defaultConfigurationName = Release;
		};
/* End XCConfigurationList section */
	};
	rootObject = 5C09A4C62A90397C00976DDA /* Project object */;
}
